
Microsoft Visual Studio Solution File, Format Version 12.00
# Visual Studio 15
VisualStudioVersion = 15.0.27004.2005
MinimumVisualStudioVersion = 10.0.40219.1
Project("{FAE04EC0-301F-11D3-BF4B-00C04F79EFBC}") = "p0", "p0\p0.csproj", "{7FD1DE2D-B518-474F-A9BA-48C886BAB761}"
EndProject
Global
	GlobalSection(SolutionConfigurationPlatforms) = preSolution
		Debug|Any CPU = Debug|Any CPU
		Release|Any CPU = Release|Any CPU
	EndGlobalSection
	GlobalSection(ProjectConfigurationPlatforms) = postSolution
		{7FD1DE2D-B518-474F-A9BA-48C886BAB761}.Debug|Any CPU.ActiveCfg = Debug|Any CPU
		{7FD1DE2D-B518-474F-A9BA-48C886BAB761}.Debug|Any CPU.Build.0 = Debug|Any CPU
		{7FD1DE2D-B518-474F-A9BA-48C886BAB761}.Release|Any CPU.ActiveCfg = Release|Any CPU
		{7FD1DE2D-B518-474F-A9BA-48C886BAB761}.Release|Any CPU.Build.0 = Release|Any CPU
	EndGlobalSection
	GlobalSection(SolutionProperties) = preSolution
		HideSolutionNode = FALSE
	EndGlobalSection
	GlobalSection(ExtensibilityGlobals) = postSolution
		SolutionGuid = {6CFA5CA9-57B2-4281-89E2-8F40527E77E3}
	EndGlobalSection
EndGlobal
